Microsoft Visual Studio Solution File, Format Version 8.00
Project("{F184B08F-C81C-45F6-A57F-5ABD9991F28F}") = "iCMServer.Modules.Users", "http://localhost/Development/iConsulting/iCMModules/wwwroot/iCMServer.Modules.Users/iCMServer.Modules.Users.vbproj", "{477156CC-CBD8-4CA8-9E87-D8A9316CA66D}"
	ProjectSection(ProjectDependencies) = postProject
	EndProjectSection
EndProject
Global
	GlobalSection(SolutionConfiguration) = preSolution
		Debug = Debug
		Release = Release
	EndGlobalSection
	GlobalSection(ProjectConfiguration) = postSolution
		{477156CC-CBD8-4CA8-9E87-D8A9316CA66D}.Debug.ActiveCfg = Debug|.NET
		{477156CC-CBD8-4CA8-9E87-D8A9316CA66D}.Debug.Build.0 = Debug|.NET
		{477156CC-CBD8-4CA8-9E87-D8A9316CA66D}.Release.ActiveCfg = Release|.NET
		{477156CC-CBD8-4CA8-9E87-D8A9316CA66D}.Release.Build.0 = Release|.NET
	EndGlobalSection
	GlobalSection(ExtensibilityGlobals) = postSolution
	EndGlobalSection
	GlobalSection(ExtensibilityAddIns) = postSolution
	EndGlobalSection
EndGlobal
